// !$*UTF8*$!
{
	archiveVersion = 1;
	classes = {
	};
	objectVersion = 46;
	objects = {

/* Begin PBXBuildFile section */
		8C816FD21AC4E5A400BE5DC9 /* image_file.png in Resources */ = {isa = PBXBuildFile; fileRef = 8C816FCF1AC4E5A400BE5DC9 /* image_file.png */; };
		8C816FD31AC4E5A400BE5DC9 /* pdf_file.pdf in Resources */ = {isa = PBXBuildFile; fileRef = 8C816FD01AC4E5A400BE5DC9 /* pdf_file.pdf */; };
		8C816FD41AC4E5A400BE5DC9 /* zip_file.zip in Resources */ = {isa = PBXBuildFile; fileRef = 8C816FD11AC4E5A400BE5DC9 /* zip_file.zip */; };
		8C816FD61AC4EE2100BE5DC9 /* zip_file2.zip in Resources */ = {isa = PBXBuildFile; fileRef = 8C816FD51AC4EE2100BE5DC9 /* zip_file2.zip */; };
		8C816FDA1AC4F29200BE5DC9 /* UploadingTestCase.swift in Sources */ = {isa = PBXBuildFile; fileRef = 8C816FD91AC4F29200BE5DC9 /* UploadingTestCase.swift */; };
		8C816FDC1AC4F2DA00BE5DC9 /* DownloadingTestCase.swift in Sources */ = {isa = PBXBuildFile; fileRef = 8C816FDB1AC4F2DA00BE5DC9 /* DownloadingTestCase.swift */; };
		8CBBD9F11AC3F11500A59F1D /* AppDelegate.swift in Sources */ = {isa = PBXBuildFile; fileRef = 8CBBD9F01AC3F11500A59F1D /* AppDelegate.swift */; };
		8CBBD9F31AC3F11500A59F1D /* ViewController.swift in Sources */ = {isa = PBXBuildFile; fileRef = 8CBBD9F21AC3F11500A59F1D /* ViewController.swift */; };
		8CBBD9F61AC3F11500A59F1D /* Main.storyboard in Resources */ = {isa = PBXBuildFile; fileRef = 8CBBD9F41AC3F11500A59F1D /* Main.storyboard */; };
		8CBBD9F81AC3F11500A59F1D /* Images.xcassets in Resources */ = {isa = PBXBuildFile; fileRef = 8CBBD9F71AC3F11500A59F1D /* Images.xcassets */; };
		8CBBD9FB1AC3F11500A59F1D /* LaunchScreen.xib in Resources */ = {isa = PBXBuildFile; fileRef = 8CBBD9F91AC3F11500A59F1D /* LaunchScreen.xib */; };
		8CBBDA071AC3F11500A59F1D /* ExampleTests.swift in Sources */ = {isa = PBXBuildFile; fileRef = 8CBBDA061AC3F11500A59F1D /* ExampleTests.swift */; };
		8CCD5A871AC3F237007EAC78 /* UploadTask.swift in Sources */ = {isa = PBXBuildFile; fileRef = 8CCD5A861AC3F237007EAC78 /* UploadTask.swift */; };
		8CCD5A891AC3F243007EAC78 /* DownloadTask.swift in Sources */ = {isa = PBXBuildFile; fileRef = 8CCD5A881AC3F243007EAC78 /* DownloadTask.swift */; };
		8CCD5A8B1AC3F2CE007EAC78 /* TPTask.swift in Sources */ = {isa = PBXBuildFile; fileRef = 8CCD5A8A1AC3F2CE007EAC78 /* TPTask.swift */; };
		8CCD5A8D1AC3F2DA007EAC78 /* TPExtensions.swift in Sources */ = {isa = PBXBuildFile; fileRef = 8CCD5A8C1AC3F2DA007EAC78 /* TPExtensions.swift */; };
		8CCD5A8F1AC3F3A0007EAC78 /* Transporter.swift in Sources */ = {isa = PBXBuildFile; fileRef = 8CCD5A8E1AC3F3A0007EAC78 /* Transporter.swift */; };
		8CCD5A911AC3F885007EAC78 /* TPTaskGroup.swift in Sources */ = {isa = PBXBuildFile; fileRef = 8CCD5A901AC3F885007EAC78 /* TPTaskGroup.swift */; };
		8CCD5A931AC3F8BB007EAC78 /* TPCommon.swift in Sources */ = {isa = PBXBuildFile; fileRef = 8CCD5A921AC3F8BB007EAC78 /* TPCommon.swift */; };
		8CCD5A951AC3FC6C007EAC78 /* Transaction.swift in Sources */ = {isa = PBXBuildFile; fileRef = 8CCD5A941AC3FC6C007EAC78 /* Transaction.swift */; };
		8CCD5A971AC46086007EAC78 /* TPTransferTask.swift in Sources */ = {isa = PBXBuildFile; fileRef = 8CCD5A961AC46086007EAC78 /* TPTransferTask.swift */; };
/* End PBXBuildFile section */

/* Begin PBXContainerItemProxy section */
		8CBBDA011AC3F11500A59F1D /* PBXContainerItemProxy */ = {
			isa = PBXContainerItemProxy;
			containerPortal = 8CBBD9E31AC3F11500A59F1D /* Project object */;
			proxyType = 1;
			remoteGlobalIDString = 8CBBD9EA1AC3F11500A59F1D;
			remoteInfo = Example;
		};
/* End PBXContainerItemProxy section */

/* Begin PBXFileReference section */
		8C816FCF1AC4E5A400BE5DC9 /* image_file.png */ = {isa = PBXFileReference; lastKnownFileType = image.png; path = image_file.png; sourceTree = "<group>"; };
		8C816FD01AC4E5A400BE5DC9 /* pdf_file.pdf */ = {isa = PBXFileReference; lastKnownFileType = image.pdf; path = pdf_file.pdf; sourceTree = "<group>"; };
		8C816FD11AC4E5A400BE5DC9 /* zip_file.zip */ = {isa = PBXFileReference; lastKnownFileType = archive.zip; path = zip_file.zip; sourceTree = "<group>"; };
		8C816FD51AC4EE2100BE5DC9 /* zip_file2.zip */ = {isa = PBXFileReference; lastKnownFileType = archive.zip; path = zip_file2.zip; sourceTree = "<group>"; };
		8C816FD91AC4F29200BE5DC9 /* UploadingTestCase.swift */ = {isa = PBXFileReference; fileEncoding = 4; lastKnownFileType = sourcecode.swift; path = UploadingTestCase.swift; sourceTree = "<group>"; };
		8C816FDB1AC4F2DA00BE5DC9 /* DownloadingTestCase.swift */ = {isa = PBXFileReference; fileEncoding = 4; lastKnownFileType = sourcecode.swift; path = DownloadingTestCase.swift; sourceTree = "<group>"; };
		8CBBD9EB1AC3F11500A59F1D /* Example.app */ = {isa = PBXFileReference; explicitFileType = wrapper.application; includeInIndex = 0; path = Example.app; sourceTree = BUILT_PRODUCTS_DIR; };
		8CBBD9EF1AC3F11500A59F1D /* Info.plist */ = {isa = PBXFileReference; lastKnownFileType = text.plist.xml; path = Info.plist; sourceTree = "<group>"; };
		8CBBD9F01AC3F11500A59F1D /* AppDelegate.swift */ = {isa = PBXFileReference; lastKnownFileType = sourcecode.swift; path = AppDelegate.swift; sourceTree = "<group>"; };
		8CBBD9F21AC3F11500A59F1D /* ViewController.swift */ = {isa = PBXFileReference; lastKnownFileType = sourcecode.swift; path = ViewController.swift; sourceTree = "<group>"; };
		8CBBD9F51AC3F11500A59F1D /* Base */ = {isa = PBXFileReference; lastKnownFileType = file.storyboard; name = Base; path = Base.lproj/Main.storyboard; sourceTree = "<group>"; };
		8CBBD9F71AC3F11500A59F1D /* Images.xcassets */ = {isa = PBXFileReference; lastKnownFileType = folder.assetcatalog; path = Images.xcassets; sourceTree = "<group>"; };
		8CBBD9FA1AC3F11500A59F1D /* Base */ = {isa = PBXFileReference; lastKnownFileType = file.xib; name = Base; path = Base.lproj/LaunchScreen.xib; sourceTree = "<group>"; };
		8CBBDA001AC3F11500A59F1D /* ExampleTests.xctest */ = {isa = PBXFileReference; explicitFileType = wrapper.cfbundle; includeInIndex = 0; path = ExampleTests.xctest; sourceTree = BUILT_PRODUCTS_DIR; };
		8CBBDA051AC3F11500A59F1D /* Info.plist */ = {isa = PBXFileReference; lastKnownFileType = text.plist.xml; path = Info.plist; sourceTree = "<group>"; };
		8CBBDA061AC3F11500A59F1D /* ExampleTests.swift */ = {isa = PBXFileReference; lastKnownFileType = sourcecode.swift; path = ExampleTests.swift; sourceTree = "<group>"; };
		8CCD5A861AC3F237007EAC78 /* UploadTask.swift */ = {isa = PBXFileReference; fileEncoding = 4; lastKnownFileType = sourcecode.swift; path = UploadTask.swift; sourceTree = "<group>"; };
		8CCD5A881AC3F243007EAC78 /* DownloadTask.swift */ = {isa = PBXFileReference; fileEncoding = 4; lastKnownFileType = sourcecode.swift; path = DownloadTask.swift; sourceTree = "<group>"; };
		8CCD5A8A1AC3F2CE007EAC78 /* TPTask.swift */ = {isa = PBXFileReference; fileEncoding = 4; lastKnownFileType = sourcecode.swift; path = TPTask.swift; sourceTree = "<group>"; };
		8CCD5A8C1AC3F2DA007EAC78 /* TPExtensions.swift */ = {isa = PBXFileReference; fileEncoding = 4; lastKnownFileType = sourcecode.swift; path = TPExtensions.swift; sourceTree = "<group>"; };
		8CCD5A8E1AC3F3A0007EAC78 /* Transporter.swift */ = {isa = PBXFileReference; fileEncoding = 4; lastKnownFileType = sourcecode.swift; path = Transporter.swift; sourceTree = "<group>"; };
		8CCD5A901AC3F885007EAC78 /* TPTaskGroup.swift */ = {isa = PBXFileReference; fileEncoding = 4; lastKnownFileType = sourcecode.swift; path = TPTaskGroup.swift; sourceTree = "<group>"; };
		8CCD5A921AC3F8BB007EAC78 /* TPCommon.swift */ = {isa = PBXFileReference; fileEncoding = 4; lastKnownFileType = sourcecode.swift; path = TPCommon.swift; sourceTree = "<group>"; };
		8CCD5A941AC3FC6C007EAC78 /* Transaction.swift */ = {isa = PBXFileReference; fileEncoding = 4; lastKnownFileType = sourcecode.swift; path = Transaction.swift; sourceTree = "<group>"; };
		8CCD5A961AC46086007EAC78 /* TPTransferTask.swift */ = {isa = PBXFileReference; fileEncoding = 4; lastKnownFileType = sourcecode.swift; path = TPTransferTask.swift; sourceTree = "<group>"; };
/* End PBXFileReference section */

/* Begin PBXFrameworksBuildPhase section */
		8CBBD9E81AC3F11500A59F1D /* Frameworks */ = {
			isa = PBXFrameworksBuildPhase;
			buildActionMask = 2147483647;
			files = (
			);
			runOnlyForDeploymentPostprocessing = 0;
		};
		8CBBD9FD1AC3F11500A59F1D /* Frameworks */ = {
			isa = PBXFrameworksBuildPhase;
			buildActionMask = 2147483647;
			files = (
			);
			runOnlyForDeploymentPostprocessing = 0;
		};
/* End PBXFrameworksBuildPhase section */

/* Begin PBXGroup section */
		8C816FCE1AC4E5A400BE5DC9 /* upload_data */ = {
			isa = PBXGroup;
			children = (
				8C816FD51AC4EE2100BE5DC9 /* zip_file2.zip */,
				8C816FCF1AC4E5A400BE5DC9 /* image_file.png */,
				8C816FD01AC4E5A400BE5DC9 /* pdf_file.pdf */,
				8C816FD11AC4E5A400BE5DC9 /* zip_file.zip */,
			);
			path = upload_data;
			sourceTree = "<group>";
		};
		8CBBD9E21AC3F11500A59F1D = {
			isa = PBXGroup;
			children = (
				8CBBDA101AC3F12500A59F1D /* Transporter */,
				8CBBD9ED1AC3F11500A59F1D /* Example */,
				8C816FCE1AC4E5A400BE5DC9 /* upload_data */,
				8CBBDA031AC3F11500A59F1D /* ExampleTests */,
				8CBBD9EC1AC3F11500A59F1D /* Products */,
			);
			sourceTree = "<group>";
		};
		8CBBD9EC1AC3F11500A59F1D /* Products */ = {
			isa = PBXGroup;
			children = (
				8CBBD9EB1AC3F11500A59F1D /* Example.app */,
				8CBBDA001AC3F11500A59F1D /* ExampleTests.xctest */,
			);
			name = Products;
			sourceTree = "<group>";
		};
		8CBBD9ED1AC3F11500A59F1D /* Example */ = {
			isa = PBXGroup;
			children = (
				8CBBD9F01AC3F11500A59F1D /* AppDelegate.swift */,
				8CBBD9F21AC3F11500A59F1D /* ViewController.swift */,
				8CBBD9F41AC3F11500A59F1D /* Main.storyboard */,
				8CBBD9F71AC3F11500A59F1D /* Images.xcassets */,
				8CBBD9F91AC3F11500A59F1D /* LaunchScreen.xib */,
				8CBBD9EE1AC3F11500A59F1D /* Supporting Files */,
			);
			path = Example;
			sourceTree = "<group>";
		};
		8CBBD9EE1AC3F11500A59F1D /* Supporting Files */ = {
			isa = PBXGroup;
			children = (
				8CBBD9EF1AC3F11500A59F1D /* Info.plist */,
			);
			name = "Supporting Files";
			sourceTree = "<group>";
		};
		8CBBDA031AC3F11500A59F1D /* ExampleTests */ = {
			isa = PBXGroup;
			children = (
				8CBBDA061AC3F11500A59F1D /* ExampleTests.swift */,
				8C816FD91AC4F29200BE5DC9 /* UploadingTestCase.swift */,
				8C816FDB1AC4F2DA00BE5DC9 /* DownloadingTestCase.swift */,
				8CBBDA041AC3F11500A59F1D /* Supporting Files */,
			);
			path = ExampleTests;
			sourceTree = "<group>";
		};
		8CBBDA041AC3F11500A59F1D /* Supporting Files */ = {
			isa = PBXGroup;
			children = (
				8CBBDA051AC3F11500A59F1D /* Info.plist */,
			);
			name = "Supporting Files";
			sourceTree = "<group>";
		};
		8CBBDA101AC3F12500A59F1D /* Transporter */ = {
			isa = PBXGroup;
			children = (
				8CCD5A921AC3F8BB007EAC78 /* TPCommon.swift */,
				8CCD5A8A1AC3F2CE007EAC78 /* TPTask.swift */,
				8CCD5A961AC46086007EAC78 /* TPTransferTask.swift */,
				8CCD5A861AC3F237007EAC78 /* UploadTask.swift */,
				8CCD5A881AC3F243007EAC78 /* DownloadTask.swift */,
				8CCD5A901AC3F885007EAC78 /* TPTaskGroup.swift */,
				8CCD5A941AC3FC6C007EAC78 /* Transaction.swift */,
				8CCD5A8E1AC3F3A0007EAC78 /* Transporter.swift */,
				8CCD5A8C1AC3F2DA007EAC78 /* TPExtensions.swift */,
			);
			name = Transporter;
			path = ../Transporter;
			sourceTree = "<group>";
		};
/* End PBXGroup section */

/* Begin PBXNativeTarget section */
		8CBBD9EA1AC3F11500A59F1D /* Example */ = {
			isa = PBXNativeTarget;
			buildConfigurationList = 8CBBDA0A1AC3F11500A59F1D /* Build configuration list for PBXNativeTarget "Example" */;
			buildPhases = (
				8CBBD9E71AC3F11500A59F1D /* Sources */,
				8CBBD9E81AC3F11500A59F1D /* Frameworks */,
				8CBBD9E91AC3F11500A59F1D /* Resources */,
			);
			buildRules = (
			);
			dependencies = (
			);
			name = Example;
			productName = Example;
			productReference = 8CBBD9EB1AC3F11500A59F1D /* Example.app */;
			productType = "com.apple.product-type.application";
		};
		8CBBD9FF1AC3F11500A59F1D /* ExampleTests */ = {
			isa = PBXNativeTarget;
			buildConfigurationList = 8CBBDA0D1AC3F11500A59F1D /* Build configuration list for PBXNativeTarget "ExampleTests" */;
			buildPhases = (
				8CBBD9FC1AC3F11500A59F1D /* Sources */,
				8CBBD9FD1AC3F11500A59F1D /* Frameworks */,
				8CBBD9FE1AC3F11500A59F1D /* Resources */,
			);
			buildRules = (
			);
			dependencies = (
				8CBBDA021AC3F11500A59F1D /* PBXTargetDependency */,
			);
			name = ExampleTests;
			productName = ExampleTests;
			productReference = 8CBBDA001AC3F11500A59F1D /* ExampleTests.xctest */;
			productType = "com.apple.product-type.bundle.unit-test";
		};
/* End PBXNativeTarget section */

/* Begin PBXProject section */
		8CBBD9E31AC3F11500A59F1D /* Project object */ = {
			isa = PBXProject;
			attributes = {
				LastUpgradeCheck = 0620;
				ORGANIZATIONNAME = "Le VanNghia";
				TargetAttributes = {
					8CBBD9EA1AC3F11500A59F1D = {
						CreatedOnToolsVersion = 6.2;
					};
					8CBBD9FF1AC3F11500A59F1D = {
						CreatedOnToolsVersion = 6.2;
						TestTargetID = 8CBBD9EA1AC3F11500A59F1D;
					};
				};
			};
			buildConfigurationList = 8CBBD9E61AC3F11500A59F1D /* Build configuration list for PBXProject "Example" */;
			compatibilityVersion = "Xcode 3.2";
			developmentRegion = English;
			hasScannedForEncodings = 0;
			knownRegions = (
				en,
				Base,
			);
			mainGroup = 8CBBD9E21AC3F11500A59F1D;
			productRefGroup = 8CBBD9EC1AC3F11500A59F1D /* Products */;
			projectDirPath = "";
			projectRoot = "";
			targets = (
				8CBBD9EA1AC3F11500A59F1D /* Example */,
				8CBBD9FF1AC3F11500A59F1D /* ExampleTests */,
			);
		};
/* End PBXProject section */

/* Begin PBXResourcesBuildPhase section */
		8CBBD9E91AC3F11500A59F1D /* Resources */ = {
			isa = PBXResourcesBuildPhase;
			buildActionMask = 2147483647;
			files = (
				8C816FD31AC4E5A400BE5DC9 /* pdf_file.pdf in Resources */,
				8CBBD9F61AC3F11500A59F1D /* Main.storyboard in Resources */,
				8CBBD9FB1AC3F11500A59F1D /* LaunchScreen.xib in Resources */,
				8C816FD61AC4EE2100BE5DC9 /* zip_file2.zip in Resources */,
				8C816FD41AC4E5A400BE5DC9 /* zip_file.zip in Resources */,
				8CBBD9F81AC3F11500A59F1D /* Images.xcassets in Resources */,
				8C816FD21AC4E5A400BE5DC9 /* image_file.png in Resources */,
			);
			runOnlyForDeploymentPostprocessing = 0;
		};
		8CBBD9FE1AC3F11500A59F1D /* Resources */ = {
			isa = PBXResourcesBuildPhase;
			buildActionMask = 2147483647;
			files = (
			);
			runOnlyForDeploymentPostprocessing = 0;
		};
/* End PBXResourcesBuildPhase section */

/* Begin PBXSourcesBuildPhase section */
		8CBBD9E71AC3F11500A59F1D /* Sources */ = {
			isa = PBXSourcesBuildPhase;
			buildActionMask = 2147483647;
			files = (
				8CCD5A911AC3F885007EAC78 /* TPTaskGroup.swift in Sources */,
				8CCD5A891AC3F243007EAC78 /* DownloadTask.swift in Sources */,
				8CCD5A931AC3F8BB007EAC78 /* TPCommon.swift in Sources */,
				8CCD5A8B1AC3F2CE007EAC78 /* TPTask.swift in Sources */,
				8CCD5A951AC3FC6C007EAC78 /* Transaction.swift in Sources */,
				8CCD5A971AC46086007EAC78 /* TPTransferTask.swift in Sources */,
				8CCD5A8F1AC3F3A0007EAC78 /* Transporter.swift in Sources */,
				8CCD5A871AC3F237007EAC78 /* UploadTask.swift in Sources */,
				8CCD5A8D1AC3F2DA007EAC78 /* TPExtensions.swift in Sources */,
				8CBBD9F31AC3F11500A59F1D /* ViewController.swift in Sources */,
				8CBBD9F11AC3F11500A59F1D /* AppDelegate.swift in Sources */,
			);
			runOnlyForDeploymentPostprocessing = 0;
		};
		8CBBD9FC1AC3F11500A59F1D /* Sources */ = {
			isa = PBXSourcesBuildPhase;
			buildActionMask = 2147483647;
			files = (
				8CBBDA071AC3F11500A59F1D /* ExampleTests.swift in Sources */,
				8C816FDC1AC4F2DA00BE5DC9 /* DownloadingTestCase.swift in Sources */,
				8C816FDA1AC4F29200BE5DC9 /* UploadingTestCase.swift in Sources */,
			);
			runOnlyForDeploymentPostprocessing = 0;
		};
/* End PBXSourcesBuildPhase section */

/* Begin PBXTargetDependency section */
		8CBBDA021AC3F11500A59F1D /* PBXTargetDependency */ = {
			isa = PBXTargetDependency;
			target = 8CBBD9EA1AC3F11500A59F1D /* Example */;
			targetProxy = 8CBBDA011AC3F11500A59F1D /* PBXContainerItemProxy */;
		};
/* End PBXTargetDependency section */

/* Begin PBXVariantGroup section */
		8CBBD9F41AC3F11500A59F1D /* Main.storyboard */ = {
			isa = PBXVariantGroup;
			children = (
				8CBBD9F51AC3F11500A59F1D /* Base */,
			);
			name = Main.storyboard;
			sourceTree = "<group>";
		};
		8CBBD9F91AC3F11500A59F1D /* LaunchScreen.xib */ = {
			isa = PBXVariantGroup;
			children = (
				8CBBD9FA1AC3F11500A59F1D /* Base */,
			);
			name = LaunchScreen.xib;
			sourceTree = "<group>";
		};
/* End PBXVariantGroup section */

/* Begin XCBuildConfiguration section */
		8CBBDA081AC3F11500A59F1D /* Debug */ = {
			isa = XCBuildConfiguration;
			buildSettings = {
				ALWAYS_SEARCH_USER_PATHS = NO;
				CLANG_CXX_LANGUAGE_STANDARD = "gnu++0x";
				CLANG_CXX_LIBRARY = "libc++";
				CLANG_ENABLE_MODULES = YES;
				CLANG_ENABLE_OBJC_ARC = YES;
				CLANG_WARN_BOOL_CONVERSION = YES;
				CLANG_WARN_CONSTANT_CONVERSION = YES;
				CLANG_WARN_DIRECT_OBJC_ISA_USAGE = YES_ERROR;
				CLANG_WARN_EMPTY_BODY = YES;
				CLANG_WARN_ENUM_CONVERSION = YES;
				CLANG_WARN_INT_CONVERSION = YES;
				CLANG_WARN_OBJC_ROOT_CLASS = YES_ERROR;
				CLANG_WARN_UNREACHABLE_CODE = YES;
				CLANG_WARN__DUPLICATE_METHOD_MATCH = YES;
				"CODE_SIGN_IDENTITY[sdk=iphoneos*]" = "iPhone Developer";
				COPY_PHASE_STRIP = NO;
				ENABLE_STRICT_OBJC_MSGSEND = YES;
				GCC_C_LANGUAGE_STANDARD = gnu99;
				GCC_DYNAMIC_NO_PIC = NO;
				GCC_OPTIMIZATION_LEVEL = 0;
				GCC_PREPROCESSOR_DEFINITIONS = (
					"DEBUG=1",
					"$(inherited)",
				);
				GCC_SYMBOLS_PRIVATE_EXTERN = NO;
				GCC_WARN_64_TO_32_BIT_CONVERSION = YES;
				GCC_WARN_ABOUT_RETURN_TYPE = YES_ERROR;
				GCC_WARN_UNDECLARED_SELECTOR = YES;
				GCC_WARN_UNINITIALIZED_AUTOS = YES_AGGRESSIVE;
				GCC_WARN_UNUSED_FUNCTION = YES;
				GCC_WARN_UNUSED_VARIABLE = YES;
				IPHONEOS_DEPLOYMENT_TARGET = 8.0;
				MTL_ENABLE_DEBUG_INFO = YES;
				ONLY_ACTIVE_ARCH = YES;
				SDKROOT = iphoneos;
				SWIFT_OPTIMIZATION_LEVEL = "-Onone";
			};
			name = Debug;
		};
		8CBBDA091AC3F11500A59F1D /* Release */ = {
			isa = XCBuildConfiguration;
			buildSettings = {
				ALWAYS_SEARCH_USER_PATHS = NO;
				CLANG_CXX_LANGUAGE_STANDARD = "gnu++0x";
				CLANG_CXX_LIBRARY = "libc++";
				CLANG_ENABLE_MODULES = YES;
				CLANG_ENABLE_OBJC_ARC = YES;
				CLANG_WARN_BOOL_CONVERSION = YES;
				CLANG_WARN_CONSTANT_CONVERSION = YES;
				CLANG_WARN_DIRECT_OBJC_ISA_USAGE = YES_ERROR;
				CLANG_WARN_EMPTY_BODY = YES;
				CLANG_WARN_ENUM_CONVERSION = YES;
				CLANG_WARN_INT_CONVERSION = YES;
				CLANG_WARN_OBJC_ROOT_CLASS = YES_ERROR;
				CLANG_WARN_UNREACHABLE_CODE = YES;
				CLANG_WARN__DUPLICATE_METHOD_MATCH = YES;
				"CODE_SIGN_IDENTITY[sdk=iphoneos*]" = "iPhone Developer";
				COPY_PHASE_STRIP = NO;
				ENABLE_NS_ASSERTIONS = NO;
				ENABLE_STRICT_OBJC_MSGSEND = YES;
				GCC_C_LANGUAGE_STANDARD = gnu99;
				GCC_WARN_64_TO_32_BIT_CONVERSION = YES;
				GCC_WARN_ABOUT_RETURN_TYPE = YES_ERROR;
				GCC_WARN_UNDECLARED_SELECTOR = YES;
				GCC_WARN_UNINITIALIZED_AUTOS = YES_AGGRESSIVE;
				GCC_WARN_UNUSED_FUNCTION = YES;
				GCC_WARN_UNUSED_VARIABLE = YES;
				IPHONEOS_DEPLOYMENT_TARGET = 8.0;
				MTL_ENABLE_DEBUG_INFO = NO;
				SDKROOT = iphoneos;
				VALIDATE_PRODUCT = YES;
			};
			name = Release;
		};
		8CBBDA0B1AC3F11500A59F1D /* Debug */ = {
			isa = XCBuildConfiguration;
			buildSettings = {
				ASSETCATALOG_COMPILER_APPICON_NAME = AppIcon;
				INFOPLIST_FILE = Example/Info.plist;
				IPHONEOS_DEPLOYMENT_TARGET = 8.0;
				LD_RUNPATH_SEARCH_PATHS = "$(inherited) @executable_path/Frameworks";
				PRODUCT_MODULE_NAME = Transporter;
				PRODUCT_NAME = "$(TARGET_NAME)";
			};
			name = Debug;
		};
		8CBBDA0C1AC3F11500A59F1D /* Release */ = {
			isa = XCBuildConfiguration;
			buildSettings = {
				ASSETCATALOG_COMPILER_APPICON_NAME = AppIcon;
				INFOPLIST_FILE = Example/Info.plist;
				IPHONEOS_DEPLOYMENT_TARGET = 8.0;
				LD_RUNPATH_SEARCH_PATHS = "$(inherited) @executable_path/Frameworks";
				PRODUCT_MODULE_NAME = Transporter;
				PRODUCT_NAME = "$(TARGET_NAME)";
			};
			name = Release;
		};
		8CBBDA0E1AC3F11500A59F1D /* Debug */ = {
			isa = XCBuildConfiguration;
			buildSettings = {
				BUNDLE_LOADER = "$(TEST_HOST)";
				FRAMEWORK_SEARCH_PATHS = (
					"$(SDKROOT)/Developer/Library/Frameworks",
					"$(inherited)",
				);
				GCC_PREPROCESSOR_DEFINITIONS = (
					"DEBUG=1",
					"$(inherited)",
				);
				INFOPLIST_FILE = ExampleTests/Info.plist;
				LD_RUNPATH_SEARCH_PATHS = "$(inherited) @executable_path/Frameworks @loader_path/Frameworks";
				PRODUCT_NAME = "$(TARGET_NAME)";
				TEST_HOST = "$(BUILT_PRODUCTS_DIR)/Example.app/Example";
			};
			name = Debug;
		};
		8CBBDA0F1AC3F11500A59F1D /* Release */ = {
			isa = XCBuildConfiguration;
			buildSettings = {
				BUNDLE_LOADER = "$(TEST_HOST)";
				FRAMEWORK_SEARCH_PATHS = (
					"$(SDKROOT)/Developer/Library/Frameworks",
					"$(inherited)",
				);
				INFOPLIST_FILE = ExampleTests/Info.plist;
				LD_RUNPATH_SEARCH_PATHS = "$(inherited) @executable_path/Frameworks @loader_path/Frameworks";
				PRODUCT_NAME = "$(TARGET_NAME)";
				TEST_HOST = "$(BUILT_PRODUCTS_DIR)/Example.app/Example";
			};
			name = Release;
		};
/* End XCBuildConfiguration section */

/* Begin XCConfigurationList section */
		8CBBD9E61AC3F11500A59F1D /* Build configuration list for PBXProject "Example" */ = {
			isa = XCConfigurationList;
			buildConfigurations = (
				8CBBDA081AC3F11500A59F1D /* Debug */,
				8CBBDA091AC3F11500A59F1D /* Release */,
			);
			defaultConfigurationIsVisible = 0;
			defaultConfigurationName = Release;
		};
		8CBBDA0A1AC3F11500A59F1D /* Build configuration list for PBXNativeTarget "Example" */ = {
			isa = XCConfigurationList;
			buildConfigurations = (
				8CBBDA0B1AC3F11500A59F1D /* Debug */,
				8CBBDA0C1AC3F11500A59F1D /* Release */,
			);
			defaultConfigurationIsVisible = 0;
			defaultConfigurationName = Release;
		};
		8CBBDA0D1AC3F11500A59F1D /* Build configuration list for PBXNativeTarget "ExampleTests" */ = {
			isa = XCConfigurationList;
			buildConfigurations = (
				8CBBDA0E1AC3F11500A59F1D /* Debug */,
				8CBBDA0F1AC3F11500A59F1D /* Release */,
			);
			defaultConfigurationIsVisible = 0;
			defaultConfigurationName = Release;
		};
/* End XCConfigurationList section */
	};
	rootObject = 8CBBD9E31AC3F11500A59F1D /* Project object */;
}
